# THIS IS AN AUTOGENERATED FILE. DO NOT EDIT THIS FILE DIRECTLY.
# yarn lockfile v1


esbuild@^0.11.14:
  version "0.11.14"
  resolved "https://registry.yarnpkg.com/esbuild/-/esbuild-0.11.14.tgz#0f4beba211d6d23e2825f61a89ccff1eef96361b"
  integrity sha512-ejheEPkqhq5y0LM9rG9e+3yDihPtqeeE4NZmG7VQiSGJ3CjO4HvPOHmhhttSksfSztjLAGo2+0/zSIvlqj4JOQ==

typescript@^4.2.4:
  version "4.2.4"
  resolved "https://registry.yarnpkg.com/typescript/-/typescript-4.2.4.tgz#8610b59747de028fda898a8aef0e103f156d0961"
  integrity sha512-V+evlYHZnQkaz8TRBuxTA92yZBPotr5H+WhQ7bD3hZUndx5tGOa1fuCgeSjxAzM1RiN5IzvadIXTVefuuwZCRg==
